
Microsoft Visual Studio Solution File, Format Version 12.00
# Visual Studio 15
VisualStudioVersion = 15.0.26403.0
MinimumVisualStudioVersion = 10.0.40219.1
Project("{FAE04EC0-301F-11D3-BF4B-00C04F79EFBC}") = "XamarinDemo.Android", "XamarinDemo\XamarinDemo.Android\XamarinDemo.Android.csproj", "{CCA5A9D8-759A-4F96-AB93-38230518E299}"
EndProject
Project("{FAE04EC0-301F-11D3-BF4B-00C04F79EFBC}") = "XamarinDemo", "XamarinDemo\XamarinDemo\XamarinDemo.csproj", "{EDFCEA27-312B-4CA9-A08C-ADE273A4B89F}"
EndProject
Project("{FAE04EC0-301F-11D3-BF4B-00C04F79EFBC}") = "XamarinDemo.iOS", "XamarinDemo\XamarinDemo.iOS\XamarinDemo.iOS.csproj", "{825D6845-931B-4026-8443-54343A126A9D}"
EndProject
Project("{2150E333-8FDC-42A3-9474-1A3956D46DE8}") = "Samples", "Samples", "{E9BA73F4-3ACB-44D6-97EF-1A2F4BC6296E}"
EndProject
Project("{FAE04EC0-301F-11D3-BF4B-00C04F79EFBC}") = "Samples.Android", "Samples\Samples\Samples\Samples.Android\Samples.Android.csproj", "{3C59A883-D5E3-40AE-A9D4-B678FB5980ED}"
EndProject
Project("{FAE04EC0-301F-11D3-BF4B-00C04F79EFBC}") = "Samples", "Samples\Samples\Samples\Samples\Samples.csproj", "{B6A1F6DF-8635-4FBA-BDAF-F01C91F5484D}"
EndProject
Project("{FAE04EC0-301F-11D3-BF4B-00C04F79EFBC}") = "Samples.iOS", "Samples\Samples\Samples\Samples.iOS\Samples.iOS.csproj", "{DF4EE83B-8E25-4F46-B4C2-6E97F75E5763}"
EndProject
Global
	GlobalSection(SolutionConfigurationPlatforms) = preSolution
		Ad-Hoc|Any CPU = Ad-Hoc|Any CPU
		Ad-Hoc|iPhone = Ad-Hoc|iPhone
		Ad-Hoc|iPhoneSimulator = Ad-Hoc|iPhoneSimulator
		AppStore|Any CPU = AppStore|Any CPU
		AppStore|iPhone = AppStore|iPhone
		AppStore|iPhoneSimulator = AppStore|iPhoneSimulator
		Debug|Any CPU = Debug|Any CPU
		Debug|iPhone = Debug|iPhone
		Debug|iPhoneSimulator = Debug|iPhoneSimulator
		Release|Any CPU = Release|Any CPU
		Release|iPhone = Release|iPhone
		Release|iPhoneSimulator = Release|iPhoneSimulator
	EndGlobalSection
	GlobalSection(ProjectConfigurationPlatforms) = postSolution
		{CCA5A9D8-759A-4F96-AB93-38230518E299}.Ad-Hoc|Any CPU.ActiveCfg = Release|Any CPU
		{CCA5A9D8-759A-4F96-AB93-38230518E299}.Ad-Hoc|Any CPU.Build.0 = Release|Any CPU
		{CCA5A9D8-759A-4F96-AB93-38230518E299}.Ad-Hoc|Any CPU.Deploy.0 = Release|Any CPU
		{CCA5A9D8-759A-4F96-AB93-38230518E299}.Ad-Hoc|iPhone.ActiveCfg = Release|Any CPU
		{CCA5A9D8-759A-4F96-AB93-38230518E299}.Ad-Hoc|iPhone.Build.0 = Release|Any CPU
		{CCA5A9D8-759A-4F96-AB93-38230518E299}.Ad-Hoc|iPhone.Deploy.0 = Release|Any CPU
		{CCA5A9D8-759A-4F96-AB93-38230518E299}.Ad-Hoc|iPhoneSimulator.ActiveCfg = Release|Any CPU
		{CCA5A9D8-759A-4F96-AB93-38230518E299}.Ad-Hoc|iPhoneSimulator.Build.0 = Release|Any CPU
		{CCA5A9D8-759A-4F96-AB93-38230518E299}.Ad-Hoc|iPhoneSimulator.Deploy.0 = Release|Any CPU
		{CCA5A9D8-759A-4F96-AB93-38230518E299}.AppStore|Any CPU.ActiveCfg = Release|Any CPU
		{CCA5A9D8-759A-4F96-AB93-38230518E299}.AppStore|Any CPU.Build.0 = Release|Any CPU
		{CCA5A9D8-759A-4F96-AB93-38230518E299}.AppStore|Any CPU.Deploy.0 = Release|Any CPU
		{CCA5A9D8-759A-4F96-AB93-38230518E299}.AppStore|iPhone.ActiveCfg = Release|Any CPU
		{CCA5A9D8-759A-4F96-AB93-38230518E299}.AppStore|iPhone.Build.0 = Release|Any CPU
		{CCA5A9D8-759A-4F96-AB93-38230518E299}.AppStore|iPhone.Deploy.0 = Release|Any CPU
		{CCA5A9D8-759A-4F96-AB93-38230518E299}.AppStore|iPhoneSimulator.ActiveCfg = Release|Any CPU
		{CCA5A9D8-759A-4F96-AB93-38230518E299}.AppStore|iPhoneSimulator.Build.0 = Release|Any CPU
		{CCA5A9D8-759A-4F96-AB93-38230518E299}.AppStore|iPhoneSimulator.Deploy.0 = Release|Any CPU
		{CCA5A9D8-759A-4F96-AB93-38230518E299}.Debug|Any CPU.ActiveCfg = Debug|Any CPU
		{CCA5A9D8-759A-4F96-AB93-38230518E299}.Debug|Any CPU.Build.0 = Debug|Any CPU
		{CCA5A9D8-759A-4F96-AB93-38230518E299}.Debug|Any CPU.Deploy.0 = Debug|Any CPU
		{CCA5A9D8-759A-4F96-AB93-38230518E299}.Debug|iPhone.ActiveCfg = Debug|Any CPU
		{CCA5A9D8-759A-4F96-AB93-38230518E299}.Debug|iPhone.Build.0 = Debug|Any CPU
		{CCA5A9D8-759A-4F96-AB93-38230518E299}.Debug|iPhone.Deploy.0 = Debug|Any CPU
		{CCA5A9D8-759A-4F96-AB93-38230518E299}.Debug|iPhoneSimulator.ActiveCfg = Debug|Any CPU
		{CCA5A9D8-759A-4F96-AB93-38230518E299}.Debug|iPhoneSimulator.Build.0 = Debug|Any CPU
		{CCA5A9D8-759A-4F96-AB93-38230518E299}.Debug|iPhoneSimulator.Deploy.0 = Debug|Any CPU
		{CCA5A9D8-759A-4F96-AB93-38230518E299}.Release|Any CPU.ActiveCfg = Release|Any CPU
		{CCA5A9D8-759A-4F96-AB93-38230518E299}.Release|Any CPU.Build.0 = Release|Any CPU
		{CCA5A9D8-759A-4F96-AB93-38230518E299}.Release|Any CPU.Deploy.0 = Release|Any CPU
		{CCA5A9D8-759A-4F96-AB93-38230518E299}.Release|iPhone.ActiveCfg = Release|Any CPU
		{CCA5A9D8-759A-4F96-AB93-38230518E299}.Release|iPhone.Build.0 = Release|Any CPU
		{CCA5A9D8-759A-4F96-AB93-38230518E299}.Release|iPhone.Deploy.0 = Release|Any CPU
		{CCA5A9D8-759A-4F96-AB93-38230518E299}.Release|iPhoneSimulator.ActiveCfg = Release|Any CPU
		{CCA5A9D8-759A-4F96-AB93-38230518E299}.Release|iPhoneSimulator.Build.0 = Release|Any CPU
		{CCA5A9D8-759A-4F96-AB93-38230518E299}.Release|iPhoneSimulator.Deploy.0 = Release|Any CPU
		{EDFCEA27-312B-4CA9-A08C-ADE273A4B89F}.Ad-Hoc|Any CPU.ActiveCfg = Release|Any CPU
		{EDFCEA27-312B-4CA9-A08C-ADE273A4B89F}.Ad-Hoc|Any CPU.Build.0 = Release|Any CPU
		{EDFCEA27-312B-4CA9-A08C-ADE273A4B89F}.Ad-Hoc|iPhone.ActiveCfg = Release|Any CPU
		{EDFCEA27-312B-4CA9-A08C-ADE273A4B89F}.Ad-Hoc|iPhone.Build.0 = Release|Any CPU
		{EDFCEA27-312B-4CA9-A08C-ADE273A4B89F}.Ad-Hoc|iPhoneSimulator.ActiveCfg = Release|Any CPU
		{EDFCEA27-312B-4CA9-A08C-ADE273A4B89F}.Ad-Hoc|iPhoneSimulator.Build.0 = Release|Any CPU
		{EDFCEA27-312B-4CA9-A08C-ADE273A4B89F}.AppStore|Any CPU.ActiveCfg = Release|Any CPU
		{EDFCEA27-312B-4CA9-A08C-ADE273A4B89F}.AppStore|Any CPU.Build.0 = Release|Any CPU
		{EDFCEA27-312B-4CA9-A08C-ADE273A4B89F}.AppStore|iPhone.ActiveCfg = Release|Any CPU
		{EDFCEA27-312B-4CA9-A08C-ADE273A4B89F}.AppStore|iPhone.Build.0 = Release|Any CPU
		{EDFCEA27-312B-4CA9-A08C-ADE273A4B89F}.AppStore|iPhoneSimulator.ActiveCfg = Release|Any CPU
		{EDFCEA27-312B-4CA9-A08C-ADE273A4B89F}.AppStore|iPhoneSimulator.Build.0 = Release|Any CPU
		{EDFCEA27-312B-4CA9-A08C-ADE273A4B89F}.Debug|Any CPU.ActiveCfg = Debug|Any CPU
		{EDFCEA27-312B-4CA9-A08C-ADE273A4B89F}.Debug|Any CPU.Build.0 = Debug|Any CPU
		{EDFCEA27-312B-4CA9-A08C-ADE273A4B89F}.Debug|iPhone.ActiveCfg = Debug|Any CPU
		{EDFCEA27-312B-4CA9-A08C-ADE273A4B89F}.Debug|iPhone.Build.0 = Debug|Any CPU
		{EDFCEA27-312B-4CA9-A08C-ADE273A4B89F}.Debug|iPhoneSimulator.ActiveCfg = Debug|Any CPU
		{EDFCEA27-312B-4CA9-A08C-ADE273A4B89F}.Debug|iPhoneSimulator.Build.0 = Debug|Any CPU
		{EDFCEA27-312B-4CA9-A08C-ADE273A4B89F}.Release|Any CPU.ActiveCfg = Release|Any CPU
		{EDFCEA27-312B-4CA9-A08C-ADE273A4B89F}.Release|Any CPU.Build.0 = Release|Any CPU
		{EDFCEA27-312B-4CA9-A08C-ADE273A4B89F}.Release|iPhone.ActiveCfg = Release|Any CPU
		{EDFCEA27-312B-4CA9-A08C-ADE273A4B89F}.Release|iPhone.Build.0 = Release|Any CPU
		{EDFCEA27-312B-4CA9-A08C-ADE273A4B89F}.Release|iPhoneSimulator.ActiveCfg = Release|Any CPU
		{EDFCEA27-312B-4CA9-A08C-ADE273A4B89F}.Release|iPhoneSimulator.Build.0 = Release|Any CPU
		{825D6845-931B-4026-8443-54343A126A9D}.Ad-Hoc|Any CPU.ActiveCfg = Ad-Hoc|iPhone
		{825D6845-931B-4026-8443-54343A126A9D}.Ad-Hoc|iPhone.ActiveCfg = Ad-Hoc|iPhone
		{825D6845-931B-4026-8443-54343A126A9D}.Ad-Hoc|iPhone.Build.0 = Ad-Hoc|iPhone
		{825D6845-931B-4026-8443-54343A126A9D}.Ad-Hoc|iPhoneSimulator.ActiveCfg = Ad-Hoc|iPhoneSimulator
		{825D6845-931B-4026-8443-54343A126A9D}.Ad-Hoc|iPhoneSimulator.Build.0 = Ad-Hoc|iPhoneSimulator
		{825D6845-931B-4026-8443-54343A126A9D}.AppStore|Any CPU.ActiveCfg = AppStore|iPhone
		{825D6845-931B-4026-8443-54343A126A9D}.AppStore|iPhone.ActiveCfg = AppStore|iPhone
		{825D6845-931B-4026-8443-54343A126A9D}.AppStore|iPhone.Build.0 = AppStore|iPhone
		{825D6845-931B-4026-8443-54343A126A9D}.AppStore|iPhoneSimulator.ActiveCfg = AppStore|iPhoneSimulator
		{825D6845-931B-4026-8443-54343A126A9D}.AppStore|iPhoneSimulator.Build.0 = AppStore|iPhoneSimulator
		{825D6845-931B-4026-8443-54343A126A9D}.Debug|Any CPU.ActiveCfg = Debug|iPhone
		{825D6845-931B-4026-8443-54343A126A9D}.Debug|iPhone.ActiveCfg = Debug|iPhone
		{825D6845-931B-4026-8443-54343A126A9D}.Debug|iPhone.Build.0 = Debug|iPhone
		{825D6845-931B-4026-8443-54343A126A9D}.Debug|iPhoneSimulator.ActiveCfg = Debug|iPhoneSimulator
		{825D6845-931B-4026-8443-54343A126A9D}.Debug|iPhoneSimulator.Build.0 = Debug|iPhoneSimulator
		{825D6845-931B-4026-8443-54343A126A9D}.Release|Any CPU.ActiveCfg = Release|iPhone
		{825D6845-931B-4026-8443-54343A126A9D}.Release|iPhone.ActiveCfg = Release|iPhone
		{825D6845-931B-4026-8443-54343A126A9D}.Release|iPhone.Build.0 = Release|iPhone
		{825D6845-931B-4026-8443-54343A126A9D}.Release|iPhoneSimulator.ActiveCfg = Release|iPhoneSimulator
		{825D6845-931B-4026-8443-54343A126A9D}.Release|iPhoneSimulator.Build.0 = Release|iPhoneSimulator
		{3C59A883-D5E3-40AE-A9D4-B678FB5980ED}.Ad-Hoc|Any CPU.ActiveCfg = Release|Any CPU
		{3C59A883-D5E3-40AE-A9D4-B678FB5980ED}.Ad-Hoc|Any CPU.Build.0 = Release|Any CPU
		{3C59A883-D5E3-40AE-A9D4-B678FB5980ED}.Ad-Hoc|Any CPU.Deploy.0 = Release|Any CPU
		{3C59A883-D5E3-40AE-A9D4-B678FB5980ED}.Ad-Hoc|iPhone.ActiveCfg = Release|Any CPU
		{3C59A883-D5E3-40AE-A9D4-B678FB5980ED}.Ad-Hoc|iPhone.Build.0 = Release|Any CPU
		{3C59A883-D5E3-40AE-A9D4-B678FB5980ED}.Ad-Hoc|iPhone.Deploy.0 = Release|Any CPU
		{3C59A883-D5E3-40AE-A9D4-B678FB5980ED}.Ad-Hoc|iPhoneSimulator.ActiveCfg = Release|Any CPU
		{3C59A883-D5E3-40AE-A9D4-B678FB5980ED}.Ad-Hoc|iPhoneSimulator.Build.0 = Release|Any CPU
		{3C59A883-D5E3-40AE-A9D4-B678FB5980ED}.Ad-Hoc|iPhoneSimulator.Deploy.0 = Release|Any CPU
		{3C59A883-D5E3-40AE-A9D4-B678FB5980ED}.AppStore|Any CPU.ActiveCfg = Release|Any CPU
		{3C59A883-D5E3-40AE-A9D4-B678FB5980ED}.AppStore|Any CPU.Build.0 = Release|Any CPU
		{3C59A883-D5E3-40AE-A9D4-B678FB5980ED}.AppStore|Any CPU.Deploy.0 = Release|Any CPU
		{3C59A883-D5E3-40AE-A9D4-B678FB5980ED}.AppStore|iPhone.ActiveCfg = Release|Any CPU
		{3C59A883-D5E3-40AE-A9D4-B678FB5980ED}.AppStore|iPhone.Build.0 = Release|Any CPU
		{3C59A883-D5E3-40AE-A9D4-B678FB5980ED}.AppStore|iPhone.Deploy.0 = Release|Any CPU
		{3C59A883-D5E3-40AE-A9D4-B678FB5980ED}.AppStore|iPhoneSimulator.ActiveCfg = Release|Any CPU
		{3C59A883-D5E3-40AE-A9D4-B678FB5980ED}.AppStore|iPhoneSimulator.Build.0 = Release|Any CPU
		{3C59A883-D5E3-40AE-A9D4-B678FB5980ED}.AppStore|iPhoneSimulator.Deploy.0 = Release|Any CPU
		{3C59A883-D5E3-40AE-A9D4-B678FB5980ED}.Debug|Any CPU.ActiveCfg = Debug|Any CPU
		{3C59A883-D5E3-40AE-A9D4-B678FB5980ED}.Debug|Any CPU.Build.0 = Debug|Any CPU
		{3C59A883-D5E3-40AE-A9D4-B678FB5980ED}.Debug|Any CPU.Deploy.0 = Debug|Any CPU
		{3C59A883-D5E3-40AE-A9D4-B678FB5980ED}.Debug|iPhone.ActiveCfg = Debug|Any CPU
		{3C59A883-D5E3-40AE-A9D4-B678FB5980ED}.Debug|iPhone.Build.0 = Debug|Any CPU
		{3C59A883-D5E3-40AE-A9D4-B678FB5980ED}.Debug|iPhone.Deploy.0 = Debug|Any CPU
		{3C59A883-D5E3-40AE-A9D4-B678FB5980ED}.Debug|iPhoneSimulator.ActiveCfg = Debug|Any CPU
		{3C59A883-D5E3-40AE-A9D4-B678FB5980ED}.Debug|iPhoneSimulator.Build.0 = Debug|Any CPU
		{3C59A883-D5E3-40AE-A9D4-B678FB5980ED}.Debug|iPhoneSimulator.Deploy.0 = Debug|Any CPU
		{3C59A883-D5E3-40AE-A9D4-B678FB5980ED}.Release|Any CPU.ActiveCfg = Release|Any CPU
		{3C59A883-D5E3-40AE-A9D4-B678FB5980ED}.Release|Any CPU.Build.0 = Release|Any CPU
		{3C59A883-D5E3-40AE-A9D4-B678FB5980ED}.Release|Any CPU.Deploy.0 = Release|Any CPU
		{3C59A883-D5E3-40AE-A9D4-B678FB5980ED}.Release|iPhone.ActiveCfg = Release|Any CPU
		{3C59A883-D5E3-40AE-A9D4-B678FB5980ED}.Release|iPhone.Build.0 = Release|Any CPU
		{3C59A883-D5E3-40AE-A9D4-B678FB5980ED}.Release|iPhone.Deploy.0 = Release|Any CPU
		{3C59A883-D5E3-40AE-A9D4-B678FB5980ED}.Release|iPhoneSimulator.ActiveCfg = Release|Any CPU
		{3C59A883-D5E3-40AE-A9D4-B678FB5980ED}.Release|iPhoneSimulator.Build.0 = Release|Any CPU
		{3C59A883-D5E3-40AE-A9D4-B678FB5980ED}.Release|iPhoneSimulator.Deploy.0 = Release|Any CPU
		{B6A1F6DF-8635-4FBA-BDAF-F01C91F5484D}.Ad-Hoc|Any CPU.ActiveCfg = Release|Any CPU
		{B6A1F6DF-8635-4FBA-BDAF-F01C91F5484D}.Ad-Hoc|Any CPU.Build.0 = Release|Any CPU
		{B6A1F6DF-8635-4FBA-BDAF-F01C91F5484D}.Ad-Hoc|iPhone.ActiveCfg = Release|Any CPU
		{B6A1F6DF-8635-4FBA-BDAF-F01C91F5484D}.Ad-Hoc|iPhone.Build.0 = Release|Any CPU
		{B6A1F6DF-8635-4FBA-BDAF-F01C91F5484D}.Ad-Hoc|iPhoneSimulator.ActiveCfg = Release|Any CPU
		{B6A1F6DF-8635-4FBA-BDAF-F01C91F5484D}.Ad-Hoc|iPhoneSimulator.Build.0 = Release|Any CPU
		{B6A1F6DF-8635-4FBA-BDAF-F01C91F5484D}.AppStore|Any CPU.ActiveCfg = Release|Any CPU
		{B6A1F6DF-8635-4FBA-BDAF-F01C91F5484D}.AppStore|Any CPU.Build.0 = Release|Any CPU
		{B6A1F6DF-8635-4FBA-BDAF-F01C91F5484D}.AppStore|iPhone.ActiveCfg = Release|Any CPU
		{B6A1F6DF-8635-4FBA-BDAF-F01C91F5484D}.AppStore|iPhone.Build.0 = Release|Any CPU
		{B6A1F6DF-8635-4FBA-BDAF-F01C91F5484D}.AppStore|iPhoneSimulator.ActiveCfg = Release|Any CPU
		{B6A1F6DF-8635-4FBA-BDAF-F01C91F5484D}.AppStore|iPhoneSimulator.Build.0 = Release|Any CPU
		{B6A1F6DF-8635-4FBA-BDAF-F01C91F5484D}.Debug|Any CPU.ActiveCfg = Debug|Any CPU
		{B6A1F6DF-8635-4FBA-BDAF-F01C91F5484D}.Debug|Any CPU.Build.0 = Debug|Any CPU
		{B6A1F6DF-8635-4FBA-BDAF-F01C91F5484D}.Debug|iPhone.ActiveCfg = Debug|Any CPU
		{B6A1F6DF-8635-4FBA-BDAF-F01C91F5484D}.Debug|iPhone.Build.0 = Debug|Any CPU
		{B6A1F6DF-8635-4FBA-BDAF-F01C91F5484D}.Debug|iPhoneSimulator.ActiveCfg = Debug|Any CPU
		{B6A1F6DF-8635-4FBA-BDAF-F01C91F5484D}.Debug|iPhoneSimulator.Build.0 = Debug|Any CPU
		{B6A1F6DF-8635-4FBA-BDAF-F01C91F5484D}.Release|Any CPU.ActiveCfg = Release|Any CPU
		{B6A1F6DF-8635-4FBA-BDAF-F01C91F5484D}.Release|Any CPU.Build.0 = Release|Any CPU
		{B6A1F6DF-8635-4FBA-BDAF-F01C91F5484D}.Release|iPhone.ActiveCfg = Release|Any CPU
		{B6A1F6DF-8635-4FBA-BDAF-F01C91F5484D}.Release|iPhone.Build.0 = Release|Any CPU
		{B6A1F6DF-8635-4FBA-BDAF-F01C91F5484D}.Release|iPhoneSimulator.ActiveCfg = Release|Any CPU
		{B6A1F6DF-8635-4FBA-BDAF-F01C91F5484D}.Release|iPhoneSimulator.Build.0 = Release|Any CPU
		{DF4EE83B-8E25-4F46-B4C2-6E97F75E5763}.Ad-Hoc|Any CPU.ActiveCfg = Ad-Hoc|iPhone
		{DF4EE83B-8E25-4F46-B4C2-6E97F75E5763}.Ad-Hoc|iPhone.ActiveCfg = Ad-Hoc|iPhone
		{DF4EE83B-8E25-4F46-B4C2-6E97F75E5763}.Ad-Hoc|iPhone.Build.0 = Ad-Hoc|iPhone
		{DF4EE83B-8E25-4F46-B4C2-6E97F75E5763}.Ad-Hoc|iPhoneSimulator.ActiveCfg = Ad-Hoc|iPhoneSimulator
		{DF4EE83B-8E25-4F46-B4C2-6E97F75E5763}.Ad-Hoc|iPhoneSimulator.Build.0 = Ad-Hoc|iPhoneSimulator
		{DF4EE83B-8E25-4F46-B4C2-6E97F75E5763}.AppStore|Any CPU.ActiveCfg = AppStore|iPhone
		{DF4EE83B-8E25-4F46-B4C2-6E97F75E5763}.AppStore|iPhone.ActiveCfg = AppStore|iPhone
		{DF4EE83B-8E25-4F46-B4C2-6E97F75E5763}.AppStore|iPhone.Build.0 = AppStore|iPhone
		{DF4EE83B-8E25-4F46-B4C2-6E97F75E5763}.AppStore|iPhoneSimulator.ActiveCfg = AppStore|iPhoneSimulator
		{DF4EE83B-8E25-4F46-B4C2-6E97F75E5763}.AppStore|iPhoneSimulator.Build.0 = AppStore|iPhoneSimulator
		{DF4EE83B-8E25-4F46-B4C2-6E97F75E5763}.Debug|Any CPU.ActiveCfg = Debug|iPhone
		{DF4EE83B-8E25-4F46-B4C2-6E97F75E5763}.Debug|iPhone.ActiveCfg = Debug|iPhone
		{DF4EE83B-8E25-4F46-B4C2-6E97F75E5763}.Debug|iPhone.Build.0 = Debug|iPhone
		{DF4EE83B-8E25-4F46-B4C2-6E97F75E5763}.Debug|iPhoneSimulator.ActiveCfg = Debug|iPhoneSimulator
		{DF4EE83B-8E25-4F46-B4C2-6E97F75E5763}.Debug|iPhoneSimulator.Build.0 = Debug|iPhoneSimulator
		{DF4EE83B-8E25-4F46-B4C2-6E97F75E5763}.Release|Any CPU.ActiveCfg = Release|iPhone
		{DF4EE83B-8E25-4F46-B4C2-6E97F75E5763}.Release|iPhone.ActiveCfg = Release|iPhone
		{DF4EE83B-8E25-4F46-B4C2-6E97F75E5763}.Release|iPhone.Build.0 = Release|iPhone
		{DF4EE83B-8E25-4F46-B4C2-6E97F75E5763}.Release|iPhoneSimulator.ActiveCfg = Release|iPhoneSimulator
		{DF4EE83B-8E25-4F46-B4C2-6E97F75E5763}.Release|iPhoneSimulator.Build.0 = Release|iPhoneSimulator
	EndGlobalSection
	GlobalSection(SolutionProperties) = preSolution
		HideSolutionNode = FALSE
	EndGlobalSection
	GlobalSection(NestedProjects) = preSolution
		{3C59A883-D5E3-40AE-A9D4-B678FB5980ED} = {E9BA73F4-3ACB-44D6-97EF-1A2F4BC6296E}
		{B6A1F6DF-8635-4FBA-BDAF-F01C91F5484D} = {E9BA73F4-3ACB-44D6-97EF-1A2F4BC6296E}
		{DF4EE83B-8E25-4F46-B4C2-6E97F75E5763} = {E9BA73F4-3ACB-44D6-97EF-1A2F4BC6296E}
	EndGlobalSection
EndGlobal
